// !$*UTF8*$!
{
	archiveVersion = 1;
	classes = {
	};
	objectVersion = 51;
	objects = {

/* Begin PBXBuildFile section */
		187631662644F98E00373E9A /* AppDelegate.swift in Sources */ = {isa = PBXBuildFile; fileRef = 187631652644F98E00373E9A /* AppDelegate.swift */; };
		187631682644F98E00373E9A /* SceneDelegate.swift in Sources */ = {isa = PBXBuildFile; fileRef = 187631672644F98E00373E9A /* SceneDelegate.swift */; };
		1876316A2644F98E00373E9A /* ViewController.swift in Sources */ = {isa = PBXBuildFile; fileRef = 187631692644F98E00373E9A /* ViewController.swift */; };
		1876316D2644F98E00373E9A /* Main.storyboard in Resources */ = {isa = PBXBuildFile; fileRef = 1876316B2644F98E00373E9A /* Main.storyboard */; };
		1876316F2644F99200373E9A /* Assets.xcassets in Resources */ = {isa = PBXBuildFile; fileRef = 1876316E2644F99200373E9A /* Assets.xcassets */; };
		187631722644F99200373E9A /* LaunchScreen.storyboard in Resources */ = {isa = PBXBuildFile; fileRef = 187631702644F99200373E9A /* LaunchScreen.storyboard */; };
		1876317A2644F9FA00373E9A /* awsconfiguration.json in Resources */ = {isa = PBXBuildFile; fileRef = 187631792644F9FA00373E9A /* awsconfiguration.json */; };
		1876317E2644FA2300373E9A /* AWSIOTCustomManager.swift in Sources */ = {isa = PBXBuildFile; fileRef = 1876317D2644FA2300373E9A /* AWSIOTCustomManager.swift */; };
		187631842645101800373E9A /* awsiot-identity.p12 in Resources */ = {isa = PBXBuildFile; fileRef = 187631832645101800373E9A /* awsiot-identity.p12 */; };
		DCC7BB4CAFCF7896F3A4D013 /* Pods_AWSIOTManager.framework in Frameworks */ = {isa = PBXBuildFile; fileRef = F83D2356B2BF6B661655720C /* Pods_AWSIOTManager.framework */; };
/* End PBXBuildFile section */

/* Begin PBXFileReference section */
		187631622644F98E00373E9A /* AWSIOTManager.app */ = {isa = PBXFileReference; explicitFileType = wrapper.application; includeInIndex = 0; path = AWSIOTManager.app; sourceTree = BUILT_PRODUCTS_DIR; };
		187631652644F98E00373E9A /* AppDelegate.swift */ = {isa = PBXFileReference; lastKnownFileType = sourcecode.swift; path = AppDelegate.swift; sourceTree = "<group>"; };
		187631672644F98E00373E9A /* SceneDelegate.swift */ = {isa = PBXFileReference; lastKnownFileType = sourcecode.swift; path = SceneDelegate.swift; sourceTree = "<group>"; };
		187631692644F98E00373E9A /* ViewController.swift */ = {isa = PBXFileReference; lastKnownFileType = sourcecode.swift; path = ViewController.swift; sourceTree = "<group>"; };
		1876316C2644F98E00373E9A /* Base */ = {isa = PBXFileReference; lastKnownFileType = file.storyboard; name = Base; path = Base.lproj/Main.storyboard; sourceTree = "<group>"; };
		1876316E2644F99200373E9A /* Assets.xcassets */ = {isa = PBXFileReference; lastKnownFileType = folder.assetcatalog; path = Assets.xcassets; sourceTree = "<group>"; };
		187631712644F99200373E9A /* Base */ = {isa = PBXFileReference; lastKnownFileType = file.storyboard; name = Base; path = Base.lproj/LaunchScreen.storyboard; sourceTree = "<group>"; };
		187631732644F99200373E9A /* Info.plist */ = {isa = PBXFileReference; lastKnownFileType = text.plist.xml; path = Info.plist; sourceTree = "<group>"; };
		187631792644F9FA00373E9A /* awsconfiguration.json */ = {isa = PBXFileReference; fileEncoding = 4; lastKnownFileType = text.json; path = awsconfiguration.json; sourceTree = "<group>"; };
		1876317D2644FA2300373E9A /* AWSIOTCustomManager.swift */ = {isa = PBXFileReference; lastKnownFileType = sourcecode.swift; path = AWSIOTCustomManager.swift; sourceTree = "<group>"; };
		187631832645101800373E9A /* awsiot-identity.p12 */ = {isa = PBXFileReference; lastKnownFileType = file; path = "awsiot-identity.p12"; sourceTree = "<group>"; };
		4DA7F388B310294512D51B31 /* Pods-AWSIOTManager.debug.xcconfig */ = {isa = PBXFileReference; includeInIndex = 1; lastKnownFileType = text.xcconfig; name = "Pods-AWSIOTManager.debug.xcconfig"; path = "Target Support Files/Pods-AWSIOTManager/Pods-AWSIOTManager.debug.xcconfig"; sourceTree = "<group>"; };
		E00697957A2456705874F61B /* Pods-AWSIOTManager.release.xcconfig */ = {isa = PBXFileReference; includeInIndex = 1; lastKnownFileType = text.xcconfig; name = "Pods-AWSIOTManager.release.xcconfig"; path = "Target Support Files/Pods-AWSIOTManager/Pods-AWSIOTManager.release.xcconfig"; sourceTree = "<group>"; };
		F83D2356B2BF6B661655720C /* Pods_AWSIOTManager.framework */ = {isa = PBXFileReference; explicitFileType = wrapper.framework; includeInIndex = 0; path = Pods_AWSIOTManager.framework; sourceTree = BUILT_PRODUCTS_DIR; };
/* End PBXFileReference section */

/* Begin PBXFrameworksBuildPhase section */
		1876315F2644F98E00373E9A /* Frameworks */ = {
			isa = PBXFrameworksBuildPhase;
			buildActionMask = 2147483647;
			files = (
				DCC7BB4CAFCF7896F3A4D013 /* Pods_AWSIOTManager.framework in Frameworks */,
			);
			runOnlyForDeploymentPostprocessing = 0;
		};
/* End PBXFrameworksBuildPhase section */

/* Begin PBXGroup section */
		187631592644F98E00373E9A = {
			isa = PBXGroup;
			children = (
				187631642644F98E00373E9A /* AWSIOTManager */,
				187631632644F98E00373E9A /* Products */,
				3BD76D2586811E595719C053 /* Pods */,
				D3F07BC8B789CE38736E7D4E /* Frameworks */,
			);
			sourceTree = "<group>";
		};
		187631632644F98E00373E9A /* Products */ = {
			isa = PBXGroup;
			children = (
				187631622644F98E00373E9A /* AWSIOTManager.app */,
			);
			name = Products;
			sourceTree = "<group>";
		};
		187631642644F98E00373E9A /* AWSIOTManager */ = {
			isa = PBXGroup;
			children = (
				1876319126453D6200373E9A /* AWSIOT */,
				187631652644F98E00373E9A /* AppDelegate.swift */,
				187631672644F98E00373E9A /* SceneDelegate.swift */,
				187631692644F98E00373E9A /* ViewController.swift */,
				1876316B2644F98E00373E9A /* Main.storyboard */,
				1876316E2644F99200373E9A /* Assets.xcassets */,
				187631702644F99200373E9A /* LaunchScreen.storyboard */,
				187631732644F99200373E9A /* Info.plist */,
			);
			path = AWSIOTManager;
			sourceTree = "<group>";
		};
		1876319126453D6200373E9A /* AWSIOT */ = {
			isa = PBXGroup;
			children = (
				187631792644F9FA00373E9A /* awsconfiguration.json */,
				187631832645101800373E9A /* awsiot-identity.p12 */,
				1876317D2644FA2300373E9A /* AWSIOTCustomManager.swift */,
			);
			path = AWSIOT;
			sourceTree = "<group>";
		};
		3BD76D2586811E595719C053 /* Pods */ = {
			isa = PBXGroup;
			children = (
				4DA7F388B310294512D51B31 /* Pods-AWSIOTManager.debug.xcconfig */,
				E00697957A2456705874F61B /* Pods-AWSIOTManager.release.xcconfig */,
			);
			path = Pods;
			sourceTree = "<group>";
		};
		D3F07BC8B789CE38736E7D4E /* Frameworks */ = {
			isa = PBXGroup;
			children = (
				F83D2356B2BF6B661655720C /* Pods_AWSIOTManager.framework */,
			);
			name = Frameworks;
			sourceTree = "<group>";
		};
/* End PBXGroup section */

/* Begin PBXNativeTarget section */
		187631612644F98E00373E9A /* AWSIOTManager */ = {
			isa = PBXNativeTarget;
			buildConfigurationList = 187631762644F99200373E9A /* Build configuration list for PBXNativeTarget "AWSIOTManager" */;
			buildPhases = (
				86AE72589F79E1DF6E9A0FD7 /* [CP] Check Pods Manifest.lock */,
				1876315E2644F98E00373E9A /* Sources */,
				1876315F2644F98E00373E9A /* Frameworks */,
				187631602644F98E00373E9A /* Resources */,
				9DB94514E22825F0D757016F /* [CP] Embed Pods Frameworks */,
			);
			buildRules = (
			);
			dependencies = (
			);
			name = AWSIOTManager;
			productName = AWSIOTManager;
			productReference = 187631622644F98E00373E9A /* AWSIOTManager.app */;
			productType = "com.apple.product-type.application";
		};
/* End PBXNativeTarget section */

/* Begin PBXProject section */
		1876315A2644F98E00373E9A /* Project object */ = {
			isa = PBXProject;
			attributes = {
				LastSwiftUpdateCheck = 1250;
				LastUpgradeCheck = 1250;
				TargetAttributes = {
					187631612644F98E00373E9A = {
						CreatedOnToolsVersion = 12.5;
					};
				};
			};
			buildConfigurationList = 1876315D2644F98E00373E9A /* Build configuration list for PBXProject "AWSIOTManager" */;
			compatibilityVersion = "Xcode 9.3";
			developmentRegion = en;
			hasScannedForEncodings = 0;
			knownRegions = (
				en,
				Base,
			);
			mainGroup = 187631592644F98E00373E9A;
			productRefGroup = 187631632644F98E00373E9A /* Products */;
			projectDirPath = "";
			projectRoot = "";
			targets = (
				187631612644F98E00373E9A /* AWSIOTManager */,
			);
		};
/* End PBXProject section */

/* Begin PBXResourcesBuildPhase section */
		187631602644F98E00373E9A /* Resources */ = {
			isa = PBXResourcesBuildPhase;
			buildActionMask = 2147483647;
			files = (
				1876317A2644F9FA00373E9A /* awsconfiguration.json in Resources */,
				187631722644F99200373E9A /* LaunchScreen.storyboard in Resources */,
				187631842645101800373E9A /* awsiot-identity.p12 in Resources */,
				1876316F2644F99200373E9A /* Assets.xcassets in Resources */,
				1876316D2644F98E00373E9A /* Main.storyboard in Resources */,
			);
			runOnlyForDeploymentPostprocessing = 0;
		};
/* End PBXResourcesBuildPhase section */

/* Begin PBXShellScriptBuildPhase section */
		86AE72589F79E1DF6E9A0FD7 /* [CP] Check Pods Manifest.lock */ = {
			isa = PBXShellScriptBuildPhase;
			buildActionMask = 2147483647;
			files = (
			);
			inputFileListPaths = (
			);
			inputPaths = (
				"${PODS_PODFILE_DIR_PATH}/Podfile.lock",
				"${PODS_ROOT}/Manifest.lock",
			);
			name = "[CP] Check Pods Manifest.lock";
			outputFileListPaths = (
			);
			outputPaths = (
				"$(DERIVED_FILE_DIR)/Pods-AWSIOTManager-checkManifestLockResult.txt",
			);
			runOnlyForDeploymentPostprocessing = 0;
			shellPath = /bin/sh;
			shellScript = "diff \"${PODS_PODFILE_DIR_PATH}/Podfile.lock\" \"${PODS_ROOT}/Manifest.lock\" > /dev/null\nif [ $? != 0 ] ; then\n    # print error to STDERR\n    echo \"error: The sandbox is not in sync with the Podfile.lock. Run 'pod install' or update your CocoaPods installation.\" >&2\n    exit 1\nfi\n# This output is used by Xcode 'outputs' to avoid re-running this script phase.\necho \"SUCCESS\" > \"${SCRIPT_OUTPUT_FILE_0}\"\n";
			showEnvVarsInLog = 0;
		};
		9DB94514E22825F0D757016F /* [CP] Embed Pods Frameworks */ = {
			isa = PBXShellScriptBuildPhase;
			buildActionMask = 2147483647;
			files = (
			);
			inputFileListPaths = (
				"${PODS_ROOT}/Target Support Files/Pods-AWSIOTManager/Pods-AWSIOTManager-frameworks-${CONFIGURATION}-input-files.xcfilelist",
			);
			name = "[CP] Embed Pods Frameworks";
			outputFileListPaths = (
				"${PODS_ROOT}/Target Support Files/Pods-AWSIOTManager/Pods-AWSIOTManager-frameworks-${CONFIGURATION}-output-files.xcfilelist",
			);
			runOnlyForDeploymentPostprocessing = 0;
			shellPath = /bin/sh;
			shellScript = "\"${PODS_ROOT}/Target Support Files/Pods-AWSIOTManager/Pods-AWSIOTManager-frameworks.sh\"\n";
			showEnvVarsInLog = 0;
		};
/* End PBXShellScriptBuildPhase section */

/* Begin PBXSourcesBuildPhase section */
		1876315E2644F98E00373E9A /* Sources */ = {
			isa = PBXSourcesBuildPhase;
			buildActionMask = 2147483647;
			files = (
				1876316A2644F98E00373E9A /* ViewController.swift in Sources */,
				1876317E2644FA2300373E9A /* AWSIOTCustomManager.swift in Sources */,
				187631662644F98E00373E9A /* AppDelegate.swift in Sources */,
				187631682644F98E00373E9A /* SceneDelegate.swift in Sources */,
			);
			runOnlyForDeploymentPostprocessing = 0;
		};
/* End PBXSourcesBuildPhase section */

/* Begin PBXVariantGroup section */
		1876316B2644F98E00373E9A /* Main.storyboard */ = {
			isa = PBXVariantGroup;
			children = (
				1876316C2644F98E00373E9A /* Base */,
			);
			name = Main.storyboard;
			sourceTree = "<group>";
		};
		187631702644F99200373E9A /* LaunchScreen.storyboard */ = {
			isa = PBXVariantGroup;
			children = (
				187631712644F99200373E9A /* Base */,
			);
			name = LaunchScreen.storyboard;
			sourceTree = "<group>";
		};
/* End PBXVariantGroup section */

/* Begin XCBuildConfiguration section */
		187631742644F99200373E9A /* Debug */ = {
			isa = XCBuildConfiguration;
			buildSettings = {
				ALWAYS_SEARCH_USER_PATHS = NO;
				CLANG_ANALYZER_NONNULL = YES;
				CLANG_ANALYZER_NUMBER_OBJECT_CONVERSION = YES_AGGRESSIVE;
				CLANG_CXX_LANGUAGE_STANDARD = "gnu++14";
				CLANG_CXX_LIBRARY = "libc++";
				CLANG_ENABLE_MODULES = YES;
				CLANG_ENABLE_OBJC_ARC = YES;
				CLANG_ENABLE_OBJC_WEAK = YES;
				CLANG_WARN_BLOCK_CAPTURE_AUTORELEASING = YES;
				CLANG_WARN_BOOL_CONVERSION = YES;
				CLANG_WARN_COMMA = YES;
				CLANG_WARN_CONSTANT_CONVERSION = YES;
				CLANG_WARN_DEPRECATED_OBJC_IMPLEMENTATIONS = YES;
				CLANG_WARN_DIRECT_OBJC_ISA_USAGE = YES_ERROR;
				CLANG_WARN_DOCUMENTATION_COMMENTS = YES;
				CLANG_WARN_EMPTY_BODY = YES;
				CLANG_WARN_ENUM_CONVERSION = YES;
				CLANG_WARN_INFINITE_RECURSION = YES;
				CLANG_WARN_INT_CONVERSION = YES;
				CLANG_WARN_NON_LITERAL_NULL_CONVERSION = YES;
				CLANG_WARN_OBJC_IMPLICIT_RETAIN_SELF = YES;
				CLANG_WARN_OBJC_LITERAL_CONVERSION = YES;
				CLANG_WARN_OBJC_ROOT_CLASS = YES_ERROR;
				CLANG_WARN_QUOTED_INCLUDE_IN_FRAMEWORK_HEADER = YES;
				CLANG_WARN_RANGE_LOOP_ANALYSIS = YES;
				CLANG_WARN_STRICT_PROTOTYPES = YES;
				CLANG_WARN_SUSPICIOUS_MOVE = YES;
				CLANG_WARN_UNGUARDED_AVAILABILITY = YES_AGGRESSIVE;
				CLANG_WARN_UNREACHABLE_CODE = YES;
				CLANG_WARN__DUPLICATE_METHOD_MATCH = YES;
				COPY_PHASE_STRIP = NO;
				DEBUG_INFORMATION_FORMAT = dwarf;
				ENABLE_STRICT_OBJC_MSGSEND = YES;
				ENABLE_TESTABILITY = YES;
				GCC_C_LANGUAGE_STANDARD = gnu11;
				GCC_DYNAMIC_NO_PIC = NO;
				GCC_NO_COMMON_BLOCKS = YES;
				GCC_OPTIMIZATION_LEVEL = 0;
				GCC_PREPROCESSOR_DEFINITIONS = (
					"DEBUG=1",
					"$(inherited)",
				);
				GCC_WARN_64_TO_32_BIT_CONVERSION = YES;
				GCC_WARN_ABOUT_RETURN_TYPE = YES_ERROR;
				GCC_WARN_UNDECLARED_SELECTOR = YES;
				GCC_WARN_UNINITIALIZED_AUTOS = YES_AGGRESSIVE;
				GCC_WARN_UNUSED_FUNCTION = YES;
				GCC_WARN_UNUSED_VARIABLE = YES;
				IPHONEOS_DEPLOYMENT_TARGET = 14.5;
				MTL_ENABLE_DEBUG_INFO = INCLUDE_SOURCE;
				MTL_FAST_MATH = YES;
				ONLY_ACTIVE_ARCH = YES;
				SDKROOT = iphoneos;
				SWIFT_ACTIVE_COMPILATION_CONDITIONS = DEBUG;
				SWIFT_OPTIMIZATION_LEVEL = "-Onone";
			};
			name = Debug;
		};
		187631752644F99200373E9A /* Release */ = {
			isa = XCBuildConfiguration;
			buildSettings = {
				ALWAYS_SEARCH_USER_PATHS = NO;
				CLANG_ANALYZER_NONNULL = YES;
				CLANG_ANALYZER_NUMBER_OBJECT_CONVERSION = YES_AGGRESSIVE;
				CLANG_CXX_LANGUAGE_STANDARD = "gnu++14";
				CLANG_CXX_LIBRARY = "libc++";
				CLANG_ENABLE_MODULES = YES;
				CLANG_ENABLE_OBJC_ARC = YES;
				CLANG_ENABLE_OBJC_WEAK = YES;
				CLANG_WARN_BLOCK_CAPTURE_AUTORELEASING = YES;
				CLANG_WARN_BOOL_CONVERSION = YES;
				CLANG_WARN_COMMA = YES;
				CLANG_WARN_CONSTANT_CONVERSION = YES;
				CLANG_WARN_DEPRECATED_OBJC_IMPLEMENTATIONS = YES;
				CLANG_WARN_DIRECT_OBJC_ISA_USAGE = YES_ERROR;
				CLANG_WARN_DOCUMENTATION_COMMENTS = YES;
				CLANG_WARN_EMPTY_BODY = YES;
				CLANG_WARN_ENUM_CONVERSION = YES;
				CLANG_WARN_INFINITE_RECURSION = YES;
				CLANG_WARN_INT_CONVERSION = YES;
				CLANG_WARN_NON_LITERAL_NULL_CONVERSION = YES;
				CLANG_WARN_OBJC_IMPLICIT_RETAIN_SELF = YES;
				CLANG_WARN_OBJC_LITERAL_CONVERSION = YES;
				CLANG_WARN_OBJC_ROOT_CLASS = YES_ERROR;
				CLANG_WARN_QUOTED_INCLUDE_IN_FRAMEWORK_HEADER = YES;
				CLANG_WARN_RANGE_LOOP_ANALYSIS = YES;
				CLANG_WARN_STRICT_PROTOTYPES = YES;
				CLANG_WARN_SUSPICIOUS_MOVE = YES;
				CLANG_WARN_UNGUARDED_AVAILABILITY = YES_AGGRESSIVE;
				CLANG_WARN_UNREACHABLE_CODE = YES;
				CLANG_WARN__DUPLICATE_METHOD_MATCH = YES;
				COPY_PHASE_STRIP = NO;
				DEBUG_INFORMATION_FORMAT = "dwarf-with-dsym";
				ENABLE_NS_ASSERTIONS = NO;
				ENABLE_STRICT_OBJC_MSGSEND = YES;
				GCC_C_LANGUAGE_STANDARD = gnu11;
				GCC_NO_COMMON_BLOCKS = YES;
				GCC_WARN_64_TO_32_BIT_CONVERSION = YES;
				GCC_WARN_ABOUT_RETURN_TYPE = YES_ERROR;
				GCC_WARN_UNDECLARED_SELECTOR = YES;
				GCC_WARN_UNINITIALIZED_AUTOS = YES_AGGRESSIVE;
				GCC_WARN_UNUSED_FUNCTION = YES;
				GCC_WARN_UNUSED_VARIABLE = YES;
				IPHONEOS_DEPLOYMENT_TARGET = 14.5;
				MTL_ENABLE_DEBUG_INFO = NO;
				MTL_FAST_MATH = YES;
				SDKROOT = iphoneos;
				SWIFT_COMPILATION_MODE = wholemodule;
				SWIFT_OPTIMIZATION_LEVEL = "-O";
				VALIDATE_PRODUCT = YES;
			};
			name = Release;
		};
		187631772644F99200373E9A /* Debug */ = {
			isa = XCBuildConfiguration;
			baseConfigurationReference = 4DA7F388B310294512D51B31 /* Pods-AWSIOTManager.debug.xcconfig */;
			buildSettings = {
				ASSETCATALOG_COMPILER_APPICON_NAME = AppIcon;
				ASSETCATALOG_COMPILER_GLOBAL_ACCENT_COLOR_NAME = AccentColor;
				CODE_SIGN_STYLE = Manual;
				DEVELOPMENT_TEAM = "";
				INFOPLIST_FILE = AWSIOTManager/Info.plist;
				IPHONEOS_DEPLOYMENT_TARGET = 13.0;
				LD_RUNPATH_SEARCH_PATHS = (
					"$(inherited)",
					"@executable_path/Frameworks",
				);
				PRODUCT_BUNDLE_IDENTIFIER = "com.magic-IOS.AWSIOTManager";
				PRODUCT_NAME = "$(TARGET_NAME)";
				PROVISIONING_PROFILE_SPECIFIER = "";
				SWIFT_VERSION = 5.0;
				TARGETED_DEVICE_FAMILY = 1;
			};
			name = Debug;
		};
		187631782644F99200373E9A /* Release */ = {
			isa = XCBuildConfiguration;
			baseConfigurationReference = E00697957A2456705874F61B /* Pods-AWSIOTManager.release.xcconfig */;
			buildSettings = {
				ASSETCATALOG_COMPILER_APPICON_NAME = AppIcon;
				ASSETCATALOG_COMPILER_GLOBAL_ACCENT_COLOR_NAME = AccentColor;
				CODE_SIGN_STYLE = Manual;
				DEVELOPMENT_TEAM = "";
				INFOPLIST_FILE = AWSIOTManager/Info.plist;
				IPHONEOS_DEPLOYMENT_TARGET = 13.0;
				LD_RUNPATH_SEARCH_PATHS = (
					"$(inherited)",
					"@executable_path/Frameworks",
				);
				PRODUCT_BUNDLE_IDENTIFIER = "com.magic-IOS.AWSIOTManager";
				PRODUCT_NAME = "$(TARGET_NAME)";
				PROVISIONING_PROFILE_SPECIFIER = "";
				SWIFT_VERSION = 5.0;
				TARGETED_DEVICE_FAMILY = 1;
			};
			name = Release;
		};
/* End XCBuildConfiguration section */

/* Begin XCConfigurationList section */
		1876315D2644F98E00373E9A /* Build configuration list for PBXProject "AWSIOTManager" */ = {
			isa = XCConfigurationList;
			buildConfigurations = (
				187631742644F99200373E9A /* Debug */,
				187631752644F99200373E9A /* Release */,
			);
			defaultConfigurationIsVisible = 0;
			defaultConfigurationName = Release;
		};
		187631762644F99200373E9A /* Build configuration list for PBXNativeTarget "AWSIOTManager" */ = {
			isa = XCConfigurationList;
			buildConfigurations = (
				187631772644F99200373E9A /* Debug */,
				187631782644F99200373E9A /* Release */,
			);
			defaultConfigurationIsVisible = 0;
			defaultConfigurationName = Release;
		};
/* End XCConfigurationList section */
	};
	rootObject = 1876315A2644F98E00373E9A /* Project object */;
}
